
Microsoft Visual Studio Solution File, Format Version 12.00
Project("{FAE04EC0-301F-11D3-BF4B-00C04F79EFBC}") = "Lab12Avalonia", "Lab12Avalonia\Lab12Avalonia.csproj", "{6398F2C5-79DA-4F5D-9F6F-7C8FB62A4595}"
EndProject
Global
	GlobalSection(SolutionConfigurationPlatforms) = preSolution
		Debug|Any CPU = Debug|Any CPU
		Release|Any CPU = Release|Any CPU
	EndGlobalSection
	GlobalSection(ProjectConfigurationPlatforms) = postSolution
		{6398F2C5-79DA-4F5D-9F6F-7C8FB62A4595}.Debug|Any CPU.ActiveCfg = Debug|Any CPU
		{6398F2C5-79DA-4F5D-9F6F-7C8FB62A4595}.Debug|Any CPU.Build.0 = Debug|Any CPU
		{6398F2C5-79DA-4F5D-9F6F-7C8FB62A4595}.Release|Any CPU.ActiveCfg = Release|Any CPU
		{6398F2C5-79DA-4F5D-9F6F-7C8FB62A4595}.Release|Any CPU.Build.0 = Release|Any CPU
	EndGlobalSection
EndGlobal
